
Microsoft Visual Studio Solution File, Format Version 12.00
# Visual Studio Version 17
VisualStudioVersion = 17.0.32014.148
MinimumVisualStudioVersion = 10.0.40219.1
Project("{9A19103F-16F7-4668-BE54-9A1E7A4F7556}") = "IMFS.Core", "IMFS.Core\IMFS.Core.csproj", "{2C03A8A2-F1DE-4CCE-8FE1-266AE067DEBE}"
EndProject
Project("{9A19103F-16F7-4668-BE54-9A1E7A4F7556}") = "IMFS.BusinessLogic", "IMFS.BusinessLogic\IMFS.BusinessLogic.csproj", "{4FB6F3B0-B2A5-4AB0-A128-59C77776B104}"
EndProject
Project("{9A19103F-16F7-4668-BE54-9A1E7A4F7556}") = "IMFS.DataAccess", "IMFS.DataAccess\IMFS.DataAccess.csproj", "{E4D0345C-F169-4C93-9475-07B31AC464DD}"
EndProject
Project("{9A19103F-16F7-4668-BE54-9A1E7A4F7556}") = "IMFS.Services", "IMFS.Services\IMFS.Services.csproj", "{0E7FAD40-FC30-408F-87B8-820760F69898}"
EndProject
Project("{9A19103F-16F7-4668-BE54-9A1E7A4F7556}") = "IMFS.Web.Models", "IMFS.Web.Models\IMFS.Web.Models.csproj", "{55189E95-D47A-4A3D-80E2-3E46B4DE61A3}"
EndProject
Project("{9A19103F-16F7-4668-BE54-9A1E7A4F7556}") = "IMFS.Web.Api", "IMFS.Web.Api\IMFS.Web.Api.csproj", "{857F2405-06C8-4190-86CF-048C6D7F9D17}"
EndProject
Project("{E24C65DC-7377-472B-9ABA-BC803B73C61A}") = "IMFS-Web-FrontEnd", "IMFS-Web-FrontEnd\", "{BA5F794C-008C-409F-9D27-1B120E79080A}"
	ProjectSection(WebsiteProperties) = preProject
		TargetFrameworkMoniker = ".NETFramework,Version%3Dv4.8"
		Debug.AspNetCompiler.VirtualPath = "/localhost_59280"
		Debug.AspNetCompiler.PhysicalPath = "IMFS-Web-FrontEnd\"
		Debug.AspNetCompiler.TargetPath = "PrecompiledWeb\localhost_59280\"
		Debug.AspNetCompiler.Updateable = "true"
		Debug.AspNetCompiler.ForceOverwrite = "true"
		Debug.AspNetCompiler.FixedNames = "false"
		Debug.AspNetCompiler.Debug = "True"
		Release.AspNetCompiler.VirtualPath = "/localhost_59280"
		Release.AspNetCompiler.PhysicalPath = "IMFS-Web-FrontEnd\"
		Release.AspNetCompiler.TargetPath = "PrecompiledWeb\localhost_59280\"
		Release.AspNetCompiler.Updateable = "true"
		Release.AspNetCompiler.ForceOverwrite = "true"
		Release.AspNetCompiler.FixedNames = "false"
		Release.AspNetCompiler.Debug = "False"
		VWDPort = "59280"
		SlnRelativePath = "IMFS-Web-FrontEnd\"
	EndProjectSection
EndProject
Project("{9A19103F-16F7-4668-BE54-9A1E7A4F7556}") = "IMFS.RateCalculator.API", "IMFS.RateCalculator.API\IMFS.RateCalculator.API.csproj", "{7C938495-CB65-4342-BF49-D94AE0B63F8A}"
EndProject
Global
	GlobalSection(SolutionConfigurationPlatforms) = preSolution
		au-staging|Any CPU = au-staging|Any CPU
		au-test|Any CPU = au-test|Any CPU
		Debug|Any CPU = Debug|Any CPU
		Production|Any CPU = Production|Any CPU
		Release|Any CPU = Release|Any CPU
	EndGlobalSection
	GlobalSection(ProjectConfigurationPlatforms) = postSolution
		{2C03A8A2-F1DE-4CCE-8FE1-266AE067DEBE}.au-staging|Any CPU.ActiveCfg = au-staging|Any CPU
		{2C03A8A2-F1DE-4CCE-8FE1-266AE067DEBE}.au-staging|Any CPU.Build.0 = au-staging|Any CPU
		{2C03A8A2-F1DE-4CCE-8FE1-266AE067DEBE}.au-test|Any CPU.ActiveCfg = au-test|Any CPU
		{2C03A8A2-F1DE-4CCE-8FE1-266AE067DEBE}.au-test|Any CPU.Build.0 = au-test|Any CPU
		{2C03A8A2-F1DE-4CCE-8FE1-266AE067DEBE}.Debug|Any CPU.ActiveCfg = Debug|Any CPU
		{2C03A8A2-F1DE-4CCE-8FE1-266AE067DEBE}.Debug|Any CPU.Build.0 = Debug|Any CPU
		{2C03A8A2-F1DE-4CCE-8FE1-266AE067DEBE}.Production|Any CPU.ActiveCfg = Production|Any CPU
		{2C03A8A2-F1DE-4CCE-8FE1-266AE067DEBE}.Production|Any CPU.Build.0 = Production|Any CPU
		{2C03A8A2-F1DE-4CCE-8FE1-266AE067DEBE}.Release|Any CPU.ActiveCfg = Release|Any CPU
		{2C03A8A2-F1DE-4CCE-8FE1-266AE067DEBE}.Release|Any CPU.Build.0 = Release|Any CPU
		{4FB6F3B0-B2A5-4AB0-A128-59C77776B104}.au-staging|Any CPU.ActiveCfg = au-staging|Any CPU
		{4FB6F3B0-B2A5-4AB0-A128-59C77776B104}.au-staging|Any CPU.Build.0 = au-staging|Any CPU
		{4FB6F3B0-B2A5-4AB0-A128-59C77776B104}.au-test|Any CPU.ActiveCfg = au-test|Any CPU
		{4FB6F3B0-B2A5-4AB0-A128-59C77776B104}.au-test|Any CPU.Build.0 = au-test|Any CPU
		{4FB6F3B0-B2A5-4AB0-A128-59C77776B104}.Debug|Any CPU.ActiveCfg = Debug|Any CPU
		{4FB6F3B0-B2A5-4AB0-A128-59C77776B104}.Debug|Any CPU.Build.0 = Debug|Any CPU
		{4FB6F3B0-B2A5-4AB0-A128-59C77776B104}.Production|Any CPU.ActiveCfg = Production|Any CPU
		{4FB6F3B0-B2A5-4AB0-A128-59C77776B104}.Production|Any CPU.Build.0 = Production|Any CPU
		{4FB6F3B0-B2A5-4AB0-A128-59C77776B104}.Release|Any CPU.ActiveCfg = Release|Any CPU
		{4FB6F3B0-B2A5-4AB0-A128-59C77776B104}.Release|Any CPU.Build.0 = Release|Any CPU
		{E4D0345C-F169-4C93-9475-07B31AC464DD}.au-staging|Any CPU.ActiveCfg = au-staging|Any CPU
		{E4D0345C-F169-4C93-9475-07B31AC464DD}.au-staging|Any CPU.Build.0 = au-staging|Any CPU
		{E4D0345C-F169-4C93-9475-07B31AC464DD}.au-test|Any CPU.ActiveCfg = au-test|Any CPU
		{E4D0345C-F169-4C93-9475-07B31AC464DD}.au-test|Any CPU.Build.0 = au-test|Any CPU
		{E4D0345C-F169-4C93-9475-07B31AC464DD}.Debug|Any CPU.ActiveCfg = Debug|Any CPU
		{E4D0345C-F169-4C93-9475-07B31AC464DD}.Debug|Any CPU.Build.0 = Debug|Any CPU
		{E4D0345C-F169-4C93-9475-07B31AC464DD}.Production|Any CPU.ActiveCfg = Production|Any CPU
		{E4D0345C-F169-4C93-9475-07B31AC464DD}.Production|Any CPU.Build.0 = Production|Any CPU
		{E4D0345C-F169-4C93-9475-07B31AC464DD}.Release|Any CPU.ActiveCfg = Release|Any CPU
		{E4D0345C-F169-4C93-9475-07B31AC464DD}.Release|Any CPU.Build.0 = Release|Any CPU
		{0E7FAD40-FC30-408F-87B8-820760F69898}.au-staging|Any CPU.ActiveCfg = au-staging|Any CPU
		{0E7FAD40-FC30-408F-87B8-820760F69898}.au-staging|Any CPU.Build.0 = au-staging|Any CPU
		{0E7FAD40-FC30-408F-87B8-820760F69898}.au-test|Any CPU.ActiveCfg = au-test|Any CPU
		{0E7FAD40-FC30-408F-87B8-820760F69898}.au-test|Any CPU.Build.0 = au-test|Any CPU
		{0E7FAD40-FC30-408F-87B8-820760F69898}.Debug|Any CPU.ActiveCfg = Debug|Any CPU
		{0E7FAD40-FC30-408F-87B8-820760F69898}.Debug|Any CPU.Build.0 = Debug|Any CPU
		{0E7FAD40-FC30-408F-87B8-820760F69898}.Production|Any CPU.ActiveCfg = Production|Any CPU
		{0E7FAD40-FC30-408F-87B8-820760F69898}.Production|Any CPU.Build.0 = Production|Any CPU
		{0E7FAD40-FC30-408F-87B8-820760F69898}.Release|Any CPU.ActiveCfg = Release|Any CPU
		{0E7FAD40-FC30-408F-87B8-820760F69898}.Release|Any CPU.Build.0 = Release|Any CPU
		{55189E95-D47A-4A3D-80E2-3E46B4DE61A3}.au-staging|Any CPU.ActiveCfg = au-staging|Any CPU
		{55189E95-D47A-4A3D-80E2-3E46B4DE61A3}.au-staging|Any CPU.Build.0 = au-staging|Any CPU
		{55189E95-D47A-4A3D-80E2-3E46B4DE61A3}.au-test|Any CPU.ActiveCfg = au-test|Any CPU
		{55189E95-D47A-4A3D-80E2-3E46B4DE61A3}.au-test|Any CPU.Build.0 = au-test|Any CPU
		{55189E95-D47A-4A3D-80E2-3E46B4DE61A3}.Debug|Any CPU.ActiveCfg = Debug|Any CPU
		{55189E95-D47A-4A3D-80E2-3E46B4DE61A3}.Debug|Any CPU.Build.0 = Debug|Any CPU
		{55189E95-D47A-4A3D-80E2-3E46B4DE61A3}.Production|Any CPU.ActiveCfg = Production|Any CPU
		{55189E95-D47A-4A3D-80E2-3E46B4DE61A3}.Production|Any CPU.Build.0 = Production|Any CPU
		{55189E95-D47A-4A3D-80E2-3E46B4DE61A3}.Release|Any CPU.ActiveCfg = Release|Any CPU
		{55189E95-D47A-4A3D-80E2-3E46B4DE61A3}.Release|Any CPU.Build.0 = Release|Any CPU
		{857F2405-06C8-4190-86CF-048C6D7F9D17}.au-staging|Any CPU.ActiveCfg = au-staging|Any CPU
		{857F2405-06C8-4190-86CF-048C6D7F9D17}.au-staging|Any CPU.Build.0 = au-staging|Any CPU
		{857F2405-06C8-4190-86CF-048C6D7F9D17}.au-test|Any CPU.ActiveCfg = au-test|Any CPU
		{857F2405-06C8-4190-86CF-048C6D7F9D17}.au-test|Any CPU.Build.0 = au-test|Any CPU
		{857F2405-06C8-4190-86CF-048C6D7F9D17}.Debug|Any CPU.ActiveCfg = Debug|Any CPU
		{857F2405-06C8-4190-86CF-048C6D7F9D17}.Debug|Any CPU.Build.0 = Debug|Any CPU
		{857F2405-06C8-4190-86CF-048C6D7F9D17}.Production|Any CPU.ActiveCfg = Production|Any CPU
		{857F2405-06C8-4190-86CF-048C6D7F9D17}.Production|Any CPU.Build.0 = Production|Any CPU
		{857F2405-06C8-4190-86CF-048C6D7F9D17}.Release|Any CPU.ActiveCfg = Release|Any CPU
		{857F2405-06C8-4190-86CF-048C6D7F9D17}.Release|Any CPU.Build.0 = Release|Any CPU
		{BA5F794C-008C-409F-9D27-1B120E79080A}.au-staging|Any CPU.ActiveCfg = Debug|Any CPU
		{BA5F794C-008C-409F-9D27-1B120E79080A}.au-staging|Any CPU.Build.0 = Debug|Any CPU
		{BA5F794C-008C-409F-9D27-1B120E79080A}.au-test|Any CPU.ActiveCfg = Debug|Any CPU
		{BA5F794C-008C-409F-9D27-1B120E79080A}.Debug|Any CPU.ActiveCfg = Debug|Any CPU
		{BA5F794C-008C-409F-9D27-1B120E79080A}.Production|Any CPU.ActiveCfg = Debug|Any CPU
		{BA5F794C-008C-409F-9D27-1B120E79080A}.Release|Any CPU.ActiveCfg = Debug|Any CPU
		{BA5F794C-008C-409F-9D27-1B120E79080A}.Release|Any CPU.Build.0 = Debug|Any CPU
		{7C938495-CB65-4342-BF49-D94AE0B63F8A}.au-staging|Any CPU.ActiveCfg = au-staging|Any CPU
		{7C938495-CB65-4342-BF49-D94AE0B63F8A}.au-staging|Any CPU.Build.0 = au-staging|Any CPU
		{7C938495-CB65-4342-BF49-D94AE0B63F8A}.au-test|Any CPU.ActiveCfg = au-test|Any CPU
		{7C938495-CB65-4342-BF49-D94AE0B63F8A}.au-test|Any CPU.Build.0 = au-test|Any CPU
		{7C938495-CB65-4342-BF49-D94AE0B63F8A}.Debug|Any CPU.ActiveCfg = Debug|Any CPU
		{7C938495-CB65-4342-BF49-D94AE0B63F8A}.Debug|Any CPU.Build.0 = Debug|Any CPU
		{7C938495-CB65-4342-BF49-D94AE0B63F8A}.Production|Any CPU.ActiveCfg = Production|Any CPU
		{7C938495-CB65-4342-BF49-D94AE0B63F8A}.Production|Any CPU.Build.0 = Production|Any CPU
		{7C938495-CB65-4342-BF49-D94AE0B63F8A}.Release|Any CPU.ActiveCfg = Release|Any CPU
		{7C938495-CB65-4342-BF49-D94AE0B63F8A}.Release|Any CPU.Build.0 = Release|Any CPU
	EndGlobalSection
	GlobalSection(SolutionProperties) = preSolution
		HideSolutionNode = FALSE
	EndGlobalSection
	GlobalSection(ExtensibilityGlobals) = postSolution
		SolutionGuid = {4F682A15-1032-4506-B714-F2C42AE667AB}
	EndGlobalSection
EndGlobal
